
Microsoft Visual Studio Solution File, Format Version 12.00
# Visual Studio Version 17
VisualStudioVersion = 17.0.31903.59
MinimumVisualStudioVersion = 10.0.40219.1
Project("{9A19103F-16F7-4668-BE54-9A1E7A4F7556}") = "SunamoPlatformUwpInterop.Tests", "SunamoPlatformUwpInterop.Tests\\SunamoPlatformUwpInterop.Tests.csproj", "{AE5F8345-EB70-4F88-9DF8-0A71AFB0E0FA}"
EndProject
Project("{FAE04EC0-301F-11D3-BF4B-00C04F79EFBC}") = "RunnerPlatformUwpInterop", "RunnerPlatformUwpInterop\\RunnerPlatformUwpInterop.csproj", "{77BDC072-1DBD-41E8-B2E2-68398440A58C}"
EndProject
Project("{FAE04EC0-301F-11D3-BF4B-00C04F79EFBC}") = "SunamoPlatformUwpInterop", "SunamoPlatformUwpInterop\SunamoPlatformUwpInterop.csproj", "{9DAB2C7F-2F06-43A5-97FF-59962DE22779}"
EndProject
Global
	GlobalSection(SolutionConfigurationPlatforms) = preSolution
		Debug|Any CPU = Debug|Any CPU
		Debug|x64 = Debug|x64
		Debug|x86 = Debug|x86
		Release|Any CPU = Release|Any CPU
		Release|x64 = Release|x64
		Release|x86 = Release|x86
	EndGlobalSection
	GlobalSection(ProjectConfigurationPlatforms) = postSolution
		{AE5F8345-EB70-4F88-9DF8-0A71AFB0E0FA}.Debug|Any CPU.ActiveCfg = Debug|Any CPU
		{AE5F8345-EB70-4F88-9DF8-0A71AFB0E0FA}.Debug|Any CPU.Build.0 = Debug|Any CPU
		{AE5F8345-EB70-4F88-9DF8-0A71AFB0E0FA}.Debug|x64.ActiveCfg = Debug|Any CPU
		{AE5F8345-EB70-4F88-9DF8-0A71AFB0E0FA}.Debug|x64.Build.0 = Debug|Any CPU
		{AE5F8345-EB70-4F88-9DF8-0A71AFB0E0FA}.Debug|x86.ActiveCfg = Debug|Any CPU
		{AE5F8345-EB70-4F88-9DF8-0A71AFB0E0FA}.Debug|x86.Build.0 = Debug|Any CPU
		{AE5F8345-EB70-4F88-9DF8-0A71AFB0E0FA}.Release|Any CPU.ActiveCfg = Release|Any CPU
		{AE5F8345-EB70-4F88-9DF8-0A71AFB0E0FA}.Release|Any CPU.Build.0 = Release|Any CPU
		{AE5F8345-EB70-4F88-9DF8-0A71AFB0E0FA}.Release|x64.ActiveCfg = Release|Any CPU
		{AE5F8345-EB70-4F88-9DF8-0A71AFB0E0FA}.Release|x64.Build.0 = Release|Any CPU
		{AE5F8345-EB70-4F88-9DF8-0A71AFB0E0FA}.Release|x86.ActiveCfg = Release|Any CPU
		{AE5F8345-EB70-4F88-9DF8-0A71AFB0E0FA}.Release|x86.Build.0 = Release|Any CPU
		{77BDC072-1DBD-41E8-B2E2-68398440A58C}.Debug|Any CPU.ActiveCfg = Debug|Any CPU
		{77BDC072-1DBD-41E8-B2E2-68398440A58C}.Debug|Any CPU.Build.0 = Debug|Any CPU
		{77BDC072-1DBD-41E8-B2E2-68398440A58C}.Debug|x64.ActiveCfg = Debug|Any CPU
		{77BDC072-1DBD-41E8-B2E2-68398440A58C}.Debug|x64.Build.0 = Debug|Any CPU
		{77BDC072-1DBD-41E8-B2E2-68398440A58C}.Debug|x86.ActiveCfg = Debug|Any CPU
		{77BDC072-1DBD-41E8-B2E2-68398440A58C}.Debug|x86.Build.0 = Debug|Any CPU
		{77BDC072-1DBD-41E8-B2E2-68398440A58C}.Release|Any CPU.ActiveCfg = Release|Any CPU
		{77BDC072-1DBD-41E8-B2E2-68398440A58C}.Release|Any CPU.Build.0 = Release|Any CPU
		{77BDC072-1DBD-41E8-B2E2-68398440A58C}.Release|x64.ActiveCfg = Release|Any CPU
		{77BDC072-1DBD-41E8-B2E2-68398440A58C}.Release|x64.Build.0 = Release|Any CPU
		{77BDC072-1DBD-41E8-B2E2-68398440A58C}.Release|x86.ActiveCfg = Release|Any CPU
		{77BDC072-1DBD-41E8-B2E2-68398440A58C}.Release|x86.Build.0 = Release|Any CPU
		{9DAB2C7F-2F06-43A5-97FF-59962DE22779}.Debug|Any CPU.ActiveCfg = Debug|Any CPU
		{9DAB2C7F-2F06-43A5-97FF-59962DE22779}.Debug|Any CPU.Build.0 = Debug|Any CPU
		{9DAB2C7F-2F06-43A5-97FF-59962DE22779}.Debug|x64.ActiveCfg = Debug|Any CPU
		{9DAB2C7F-2F06-43A5-97FF-59962DE22779}.Debug|x64.Build.0 = Debug|Any CPU
		{9DAB2C7F-2F06-43A5-97FF-59962DE22779}.Debug|x86.ActiveCfg = Debug|Any CPU
		{9DAB2C7F-2F06-43A5-97FF-59962DE22779}.Debug|x86.Build.0 = Debug|Any CPU
		{9DAB2C7F-2F06-43A5-97FF-59962DE22779}.Release|Any CPU.ActiveCfg = Release|Any CPU
		{9DAB2C7F-2F06-43A5-97FF-59962DE22779}.Release|Any CPU.Build.0 = Release|Any CPU
		{9DAB2C7F-2F06-43A5-97FF-59962DE22779}.Release|x64.ActiveCfg = Release|Any CPU
		{9DAB2C7F-2F06-43A5-97FF-59962DE22779}.Release|x64.Build.0 = Release|Any CPU
		{9DAB2C7F-2F06-43A5-97FF-59962DE22779}.Release|x86.ActiveCfg = Release|Any CPU
		{9DAB2C7F-2F06-43A5-97FF-59962DE22779}.Release|x86.Build.0 = Release|Any CPU
	EndGlobalSection
	GlobalSection(SolutionProperties) = preSolution
		HideSolutionNode = FALSE
	EndGlobalSection
	GlobalSection(ExtensibilityGlobals) = postSolution
		SolutionGuid = {D1DF5167-A1CE-49FB-B2F1-8E51306E4286}
	EndGlobalSection
EndGlobal
